
Microsoft Visual Studio Solution File, Format Version 12.00
# Visual Studio Version 17
VisualStudioVersion = 17.14.36518.9
MinimumVisualStudioVersion = 10.0.40219.1
Project("{FAE04EC0-301F-11D3-BF4B-00C04F79EFBC}") = "CleanArchMvc.Domain", "CleanArchMvc.Domain\CleanArchMvc.Domain.csproj", "{465BDB17-72A5-46A0-90CB-1B23CE40D674}"
EndProject
Project("{FAE04EC0-301F-11D3-BF4B-00C04F79EFBC}") = "CleanArchMvc.Application", "CleanArchMvc.Application\CleanArchMvc.Application.csproj", "{6214EF10-230E-472A-AAD3-DD5741563FB7}"
EndProject
Project("{FAE04EC0-301F-11D3-BF4B-00C04F79EFBC}") = "CleanArchMvc.Infra.Data", "CleanArchMvc.Infra.Data\CleanArchMvc.Infra.Data.csproj", "{05DE556F-F329-44C2-BAE8-5C14BDB803B2}"
EndProject
Project("{FAE04EC0-301F-11D3-BF4B-00C04F79EFBC}") = "CleanArchMvc.Infra.IoC", "CleanArchMvc.Infra.IoC\CleanArchMvc.Infra.IoC.csproj", "{59111370-BD82-4826-A5BD-46657E3FD197}"
EndProject
Project("{FAE04EC0-301F-11D3-BF4B-00C04F79EFBC}") = "CleanArchMvc.WebUI", "CleanArchMvc.WebUI\CleanArchMvc.WebUI.csproj", "{4A9FDD99-1E0F-4B78-A02D-4640625984A3}"
EndProject
Project("{FAE04EC0-301F-11D3-BF4B-00C04F79EFBC}") = "CleanArchMvc.Domain.Tests", "CleanArchMvc.Domain.Tests\CleanArchMvc.Domain.Tests.csproj", "{A7A88524-9993-4DE2-A19E-19DC8D70D448}"
EndProject
Project("{FAE04EC0-301F-11D3-BF4B-00C04F79EFBC}") = "CleanArchMvc.API", "CleanArchMvc.API\CleanArchMvc.API.csproj", "{53424DDF-A84B-4A7B-8413-69739BCA39D5}"
EndProject
Project("{FAE04EC0-301F-11D3-BF4B-00C04F79EFBC}") = "CleanArchMvc.Infra.Data.Tests", "CleanArchMvc.Infra.Data.Tests\CleanArchMvc.Infra.Data.Tests.csproj", "{C6A2D2D3-1D6A-4E23-A10A-5EC5D3E16660}"
EndProject
Project("{FAE04EC0-301F-11D3-BF4B-00C04F79EFBC}") = "CleanArchMvc.Application.Tests", "CleanArchMvc.Application.Tests\CleanArchMvc.Application.Tests.csproj", "{35A1E8E4-676F-438A-B8C0-7ED6E6995041}"
EndProject
Global
	GlobalSection(SolutionConfigurationPlatforms) = preSolution
		Debug|Any CPU = Debug|Any CPU
		Release|Any CPU = Release|Any CPU
	EndGlobalSection
	GlobalSection(ProjectConfigurationPlatforms) = postSolution
		{465BDB17-72A5-46A0-90CB-1B23CE40D674}.Debug|Any CPU.ActiveCfg = Debug|Any CPU
		{465BDB17-72A5-46A0-90CB-1B23CE40D674}.Debug|Any CPU.Build.0 = Debug|Any CPU
		{465BDB17-72A5-46A0-90CB-1B23CE40D674}.Release|Any CPU.ActiveCfg = Release|Any CPU
		{465BDB17-72A5-46A0-90CB-1B23CE40D674}.Release|Any CPU.Build.0 = Release|Any CPU
		{6214EF10-230E-472A-AAD3-DD5741563FB7}.Debug|Any CPU.ActiveCfg = Debug|Any CPU
		{6214EF10-230E-472A-AAD3-DD5741563FB7}.Debug|Any CPU.Build.0 = Debug|Any CPU
		{6214EF10-230E-472A-AAD3-DD5741563FB7}.Release|Any CPU.ActiveCfg = Release|Any CPU
		{6214EF10-230E-472A-AAD3-DD5741563FB7}.Release|Any CPU.Build.0 = Release|Any CPU
		{05DE556F-F329-44C2-BAE8-5C14BDB803B2}.Debug|Any CPU.ActiveCfg = Debug|Any CPU
		{05DE556F-F329-44C2-BAE8-5C14BDB803B2}.Debug|Any CPU.Build.0 = Debug|Any CPU
		{05DE556F-F329-44C2-BAE8-5C14BDB803B2}.Release|Any CPU.ActiveCfg = Release|Any CPU
		{05DE556F-F329-44C2-BAE8-5C14BDB803B2}.Release|Any CPU.Build.0 = Release|Any CPU
		{59111370-BD82-4826-A5BD-46657E3FD197}.Debug|Any CPU.ActiveCfg = Debug|Any CPU
		{59111370-BD82-4826-A5BD-46657E3FD197}.Debug|Any CPU.Build.0 = Debug|Any CPU
		{59111370-BD82-4826-A5BD-46657E3FD197}.Release|Any CPU.ActiveCfg = Release|Any CPU
		{59111370-BD82-4826-A5BD-46657E3FD197}.Release|Any CPU.Build.0 = Release|Any CPU
		{4A9FDD99-1E0F-4B78-A02D-4640625984A3}.Debug|Any CPU.ActiveCfg = Debug|Any CPU
		{4A9FDD99-1E0F-4B78-A02D-4640625984A3}.Debug|Any CPU.Build.0 = Debug|Any CPU
		{4A9FDD99-1E0F-4B78-A02D-4640625984A3}.Release|Any CPU.ActiveCfg = Release|Any CPU
		{4A9FDD99-1E0F-4B78-A02D-4640625984A3}.Release|Any CPU.Build.0 = Release|Any CPU
		{A7A88524-9993-4DE2-A19E-19DC8D70D448}.Debug|Any CPU.ActiveCfg = Debug|Any CPU
		{A7A88524-9993-4DE2-A19E-19DC8D70D448}.Debug|Any CPU.Build.0 = Debug|Any CPU
		{A7A88524-9993-4DE2-A19E-19DC8D70D448}.Release|Any CPU.ActiveCfg = Release|Any CPU
		{A7A88524-9993-4DE2-A19E-19DC8D70D448}.Release|Any CPU.Build.0 = Release|Any CPU
		{53424DDF-A84B-4A7B-8413-69739BCA39D5}.Debug|Any CPU.ActiveCfg = Debug|Any CPU
		{53424DDF-A84B-4A7B-8413-69739BCA39D5}.Debug|Any CPU.Build.0 = Debug|Any CPU
		{53424DDF-A84B-4A7B-8413-69739BCA39D5}.Release|Any CPU.ActiveCfg = Release|Any CPU
		{53424DDF-A84B-4A7B-8413-69739BCA39D5}.Release|Any CPU.Build.0 = Release|Any CPU
		{C6A2D2D3-1D6A-4E23-A10A-5EC5D3E16660}.Debug|Any CPU.ActiveCfg = Debug|Any CPU
		{C6A2D2D3-1D6A-4E23-A10A-5EC5D3E16660}.Debug|Any CPU.Build.0 = Debug|Any CPU
		{C6A2D2D3-1D6A-4E23-A10A-5EC5D3E16660}.Release|Any CPU.ActiveCfg = Release|Any CPU
		{C6A2D2D3-1D6A-4E23-A10A-5EC5D3E16660}.Release|Any CPU.Build.0 = Release|Any CPU
		{35A1E8E4-676F-438A-B8C0-7ED6E6995041}.Debug|Any CPU.ActiveCfg = Debug|Any CPU
		{35A1E8E4-676F-438A-B8C0-7ED6E6995041}.Debug|Any CPU.Build.0 = Debug|Any CPU
		{35A1E8E4-676F-438A-B8C0-7ED6E6995041}.Release|Any CPU.ActiveCfg = Release|Any CPU
		{35A1E8E4-676F-438A-B8C0-7ED6E6995041}.Release|Any CPU.Build.0 = Release|Any CPU
	EndGlobalSection
	GlobalSection(SolutionProperties) = preSolution
		HideSolutionNode = FALSE
	EndGlobalSection
	GlobalSection(ExtensibilityGlobals) = postSolution
		SolutionGuid = {C991426D-08E9-40E0-88E4-C57B6A2CC397}
	EndGlobalSection
EndGlobal
